// !$*UTF8*$!
{
	archiveVersion = 1;
	classes = {
	};
	objectVersion = 46;
	objects = {

/* Begin PBXBuildFile section */
		6B27A6EE1E019ADF00625CC8 /* ViewController.swift in Sources */ = {isa = PBXBuildFile; fileRef = 6B27A6ED1E019ADF00625CC8 /* ViewController.swift */; };
		6B8F9DC41DFFB95100791A86 /* ProgressHUD.swift in Sources */ = {isa = PBXBuildFile; fileRef = 6B8F9DC31DFFB95100791A86 /* ProgressHUD.swift */; };
		6BC0419F1DF94F5200784684 /* AppDelegate.swift in Sources */ = {isa = PBXBuildFile; fileRef = 6BC0419E1DF94F5200784684 /* AppDelegate.swift */; };
		6BC041A41DF94F5200784684 /* Main.storyboard in Resources */ = {isa = PBXBuildFile; fileRef = 6BC041A21DF94F5200784684 /* Main.storyboard */; };
		6BC041A61DF94F5200784684 /* Assets.xcassets in Resources */ = {isa = PBXBuildFile; fileRef = 6BC041A51DF94F5200784684 /* Assets.xcassets */; };
		6BC041A91DF94F5200784684 /* LaunchScreen.storyboard in Resources */ = {isa = PBXBuildFile; fileRef = 6BC041A71DF94F5200784684 /* LaunchScreen.storyboard */; };
		6BC041B11DF976E500784684 /* Costants.swift in Sources */ = {isa = PBXBuildFile; fileRef = 6BC041B01DF976E500784684 /* Costants.swift */; };
		6BC041B31DF9A04500784684 /* TableViewController.swift in Sources */ = {isa = PBXBuildFile; fileRef = 6BC041B21DF9A04500784684 /* TableViewController.swift */; };
		6BC041B51DF9AB0C00784684 /* ListTableViewCell.swift in Sources */ = {isa = PBXBuildFile; fileRef = 6BC041B41DF9AB0C00784684 /* ListTableViewCell.swift */; };
		6BDBBE3B1DFC1A2A00F1F212 /* DetailViewController.swift in Sources */ = {isa = PBXBuildFile; fileRef = 6BDBBE3A1DFC1A2A00F1F212 /* DetailViewController.swift */; };
		6BF2874A1E024B81007196D2 /* ActionButtonItem.swift in Sources */ = {isa = PBXBuildFile; fileRef = 6BF287491E024B81007196D2 /* ActionButtonItem.swift */; };
		6BF2874C1E024BB8007196D2 /* ActionButton.swift in Sources */ = {isa = PBXBuildFile; fileRef = 6BF2874B1E024BB8007196D2 /* ActionButton.swift */; };
/* End PBXBuildFile section */

/* Begin PBXFileReference section */
		6B27A6ED1E019ADF00625CC8 /* ViewController.swift */ = {isa = PBXFileReference; fileEncoding = 4; lastKnownFileType = sourcecode.swift; path = ViewController.swift; sourceTree = "<group>"; };
		6B8F9DC31DFFB95100791A86 /* ProgressHUD.swift */ = {isa = PBXFileReference; fileEncoding = 4; lastKnownFileType = sourcecode.swift; path = ProgressHUD.swift; sourceTree = "<group>"; };
		6BC0419B1DF94F5200784684 /* LGCPD.app */ = {isa = PBXFileReference; explicitFileType = wrapper.application; includeInIndex = 0; path = LGCPD.app; sourceTree = BUILT_PRODUCTS_DIR; };
		6BC0419E1DF94F5200784684 /* AppDelegate.swift */ = {isa = PBXFileReference; lastKnownFileType = sourcecode.swift; path = AppDelegate.swift; sourceTree = "<group>"; };
		6BC041A31DF94F5200784684 /* Base */ = {isa = PBXFileReference; lastKnownFileType = file.storyboard; name = Base; path = Base.lproj/Main.storyboard; sourceTree = "<group>"; };
		6BC041A51DF94F5200784684 /* Assets.xcassets */ = {isa = PBXFileReference; lastKnownFileType = folder.assetcatalog; path = Assets.xcassets; sourceTree = "<group>"; };
		6BC041A81DF94F5200784684 /* Base */ = {isa = PBXFileReference; lastKnownFileType = file.storyboard; name = Base; path = Base.lproj/LaunchScreen.storyboard; sourceTree = "<group>"; };
		6BC041AA1DF94F5200784684 /* Info.plist */ = {isa = PBXFileReference; lastKnownFileType = text.plist.xml; path = Info.plist; sourceTree = "<group>"; };
		6BC041B01DF976E500784684 /* Costants.swift */ = {isa = PBXFileReference; fileEncoding = 4; lastKnownFileType = sourcecode.swift; path = Costants.swift; sourceTree = "<group>"; };
		6BC041B21DF9A04500784684 /* TableViewController.swift */ = {isa = PBXFileReference; fileEncoding = 4; lastKnownFileType = sourcecode.swift; path = TableViewController.swift; sourceTree = "<group>"; };
		6BC041B41DF9AB0C00784684 /* ListTableViewCell.swift */ = {isa = PBXFileReference; fileEncoding = 4; lastKnownFileType = sourcecode.swift; path = ListTableViewCell.swift; sourceTree = "<group>"; };
		6BDBBE3A1DFC1A2A00F1F212 /* DetailViewController.swift */ = {isa = PBXFileReference; fileEncoding = 4; lastKnownFileType = sourcecode.swift; path = DetailViewController.swift; sourceTree = "<group>"; };
		6BF287491E024B81007196D2 /* ActionButtonItem.swift */ = {isa = PBXFileReference; fileEncoding = 4; lastKnownFileType = sourcecode.swift; path = ActionButtonItem.swift; sourceTree = "<group>"; };
		6BF2874B1E024BB8007196D2 /* ActionButton.swift */ = {isa = PBXFileReference; fileEncoding = 4; lastKnownFileType = sourcecode.swift; path = ActionButton.swift; sourceTree = "<group>"; };
/* End PBXFileReference section */

/* Begin PBXFrameworksBuildPhase section */
		6BC041981DF94F5200784684 /* Frameworks */ = {
			isa = PBXFrameworksBuildPhase;
			buildActionMask = 2147483647;
			files = (
			);
			runOnlyForDeploymentPostprocessing = 0;
		};
/* End PBXFrameworksBuildPhase section */

/* Begin PBXGroup section */
		6BC041921DF94F5200784684 = {
			isa = PBXGroup;
			children = (
				6BC0419D1DF94F5200784684 /* LGCPD */,
				6BC0419C1DF94F5200784684 /* Products */,
			);
			sourceTree = "<group>";
		};
		6BC0419C1DF94F5200784684 /* Products */ = {
			isa = PBXGroup;
			children = (
				6BC0419B1DF94F5200784684 /* LGCPD.app */,
			);
			name = Products;
			sourceTree = "<group>";
		};
		6BC0419D1DF94F5200784684 /* LGCPD */ = {
			isa = PBXGroup;
			children = (
				6BC0419E1DF94F5200784684 /* AppDelegate.swift */,
				6BDBBE3A1DFC1A2A00F1F212 /* DetailViewController.swift */,
				6BC041A21DF94F5200784684 /* Main.storyboard */,
				6BF2874D1E024BCA007196D2 /* ActionButton */,
				6B27A6ED1E019ADF00625CC8 /* ViewController.swift */,
				6BC041B41DF9AB0C00784684 /* ListTableViewCell.swift */,
				6BC041B21DF9A04500784684 /* TableViewController.swift */,
				6BC041A51DF94F5200784684 /* Assets.xcassets */,
				6BC041A71DF94F5200784684 /* LaunchScreen.storyboard */,
				6BC041AA1DF94F5200784684 /* Info.plist */,
				6BF2874E1E024BDB007196D2 /* Helper */,
			);
			path = LGCPD;
			sourceTree = "<group>";
		};
		6BF2874D1E024BCA007196D2 /* ActionButton */ = {
			isa = PBXGroup;
			children = (
				6BF287491E024B81007196D2 /* ActionButtonItem.swift */,
				6BF2874B1E024BB8007196D2 /* ActionButton.swift */,
			);
			name = ActionButton;
			sourceTree = "<group>";
		};
		6BF2874E1E024BDB007196D2 /* Helper */ = {
			isa = PBXGroup;
			children = (
				6BC041B01DF976E500784684 /* Costants.swift */,
				6B8F9DC31DFFB95100791A86 /* ProgressHUD.swift */,
			);
			name = Helper;
			sourceTree = "<group>";
		};
/* End PBXGroup section */

/* Begin PBXNativeTarget section */
		6BC0419A1DF94F5200784684 /* LGCPD */ = {
			isa = PBXNativeTarget;
			buildConfigurationList = 6BC041AD1DF94F5200784684 /* Build configuration list for PBXNativeTarget "LGCPD" */;
			buildPhases = (
				6BC041971DF94F5200784684 /* Sources */,
				6BC041981DF94F5200784684 /* Frameworks */,
				6BC041991DF94F5200784684 /* Resources */,
			);
			buildRules = (
			);
			dependencies = (
			);
			name = LGCPD;
			productName = LGCPD;
			productReference = 6BC0419B1DF94F5200784684 /* LGCPD.app */;
			productType = "com.apple.product-type.application";
		};
/* End PBXNativeTarget section */

/* Begin PBXProject section */
		6BC041931DF94F5200784684 /* Project object */ = {
			isa = PBXProject;
			attributes = {
				LastSwiftUpdateCheck = 0800;
				LastUpgradeCheck = 0800;
				ORGANIZATIONNAME = "Aashish Adhikari";
				TargetAttributes = {
					6BC0419A1DF94F5200784684 = {
						CreatedOnToolsVersion = 8.0;
						ProvisioningStyle = Automatic;
					};
				};
			};
			buildConfigurationList = 6BC041961DF94F5200784684 /* Build configuration list for PBXProject "LGCPD" */;
			compatibilityVersion = "Xcode 3.2";
			developmentRegion = English;
			hasScannedForEncodings = 0;
			knownRegions = (
				en,
				Base,
			);
			mainGroup = 6BC041921DF94F5200784684;
			productRefGroup = 6BC0419C1DF94F5200784684 /* Products */;
			projectDirPath = "";
			projectRoot = "";
			targets = (
				6BC0419A1DF94F5200784684 /* LGCPD */,
			);
		};
/* End PBXProject section */

/* Begin PBXResourcesBuildPhase section */
		6BC041991DF94F5200784684 /* Resources */ = {
			isa = PBXResourcesBuildPhase;
			buildActionMask = 2147483647;
			files = (
				6BC041A91DF94F5200784684 /* LaunchScreen.storyboard in Resources */,
				6BC041A61DF94F5200784684 /* Assets.xcassets in Resources */,
				6BC041A41DF94F5200784684 /* Main.storyboard in Resources */,
			);
			runOnlyForDeploymentPostprocessing = 0;
		};
/* End PBXResourcesBuildPhase section */

/* Begin PBXSourcesBuildPhase section */
		6BC041971DF94F5200784684 /* Sources */ = {
			isa = PBXSourcesBuildPhase;
			buildActionMask = 2147483647;
			files = (
				6BC041B31DF9A04500784684 /* TableViewController.swift in Sources */,
				6BC041B11DF976E500784684 /* Costants.swift in Sources */,
				6BF2874A1E024B81007196D2 /* ActionButtonItem.swift in Sources */,
				6BDBBE3B1DFC1A2A00F1F212 /* DetailViewController.swift in Sources */,
				6B27A6EE1E019ADF00625CC8 /* ViewController.swift in Sources */,
				6BF2874C1E024BB8007196D2 /* ActionButton.swift in Sources */,
				6BC0419F1DF94F5200784684 /* AppDelegate.swift in Sources */,
				6BC041B51DF9AB0C00784684 /* ListTableViewCell.swift in Sources */,
				6B8F9DC41DFFB95100791A86 /* ProgressHUD.swift in Sources */,
			);
			runOnlyForDeploymentPostprocessing = 0;
		};
/* End PBXSourcesBuildPhase section */

/* Begin PBXVariantGroup section */
		6BC041A21DF94F5200784684 /* Main.storyboard */ = {
			isa = PBXVariantGroup;
			children = (
				6BC041A31DF94F5200784684 /* Base */,
			);
			name = Main.storyboard;
			sourceTree = "<group>";
		};
		6BC041A71DF94F5200784684 /* LaunchScreen.storyboard */ = {
			isa = PBXVariantGroup;
			children = (
				6BC041A81DF94F5200784684 /* Base */,
			);
			name = LaunchScreen.storyboard;
			sourceTree = "<group>";
		};
/* End PBXVariantGroup section */

/* Begin XCBuildConfiguration section */
		6BC041AB1DF94F5200784684 /* Debug */ = {
			isa = XCBuildConfiguration;
			buildSettings = {
				ALWAYS_SEARCH_USER_PATHS = NO;
				CLANG_ANALYZER_NONNULL = YES;
				CLANG_CXX_LANGUAGE_STANDARD = "gnu++0x";
				CLANG_CXX_LIBRARY = "libc++";
				CLANG_ENABLE_MODULES = YES;
				CLANG_ENABLE_OBJC_ARC = YES;
				CLANG_WARN_BOOL_CONVERSION = YES;
				CLANG_WARN_CONSTANT_CONVERSION = YES;
				CLANG_WARN_DIRECT_OBJC_ISA_USAGE = YES_ERROR;
				CLANG_WARN_DOCUMENTATION_COMMENTS = YES;
				CLANG_WARN_EMPTY_BODY = YES;
				CLANG_WARN_ENUM_CONVERSION = YES;
				CLANG_WARN_INFINITE_RECURSION = YES;
				CLANG_WARN_INT_CONVERSION = YES;
				CLANG_WARN_OBJC_ROOT_CLASS = YES_ERROR;
				CLANG_WARN_SUSPICIOUS_MOVES = YES;
				CLANG_WARN_UNREACHABLE_CODE = YES;
				CLANG_WARN__DUPLICATE_METHOD_MATCH = YES;
				"CODE_SIGN_IDENTITY[sdk=iphoneos*]" = "iPhone Developer";
				COPY_PHASE_STRIP = NO;
				DEBUG_INFORMATION_FORMAT = dwarf;
				ENABLE_STRICT_OBJC_MSGSEND = YES;
				ENABLE_TESTABILITY = YES;
				GCC_C_LANGUAGE_STANDARD = gnu99;
				GCC_DYNAMIC_NO_PIC = NO;
				GCC_NO_COMMON_BLOCKS = YES;
				GCC_OPTIMIZATION_LEVEL = 0;
				GCC_PREPROCESSOR_DEFINITIONS = (
					"DEBUG=1",
					"$(inherited)",
				);
				GCC_WARN_64_TO_32_BIT_CONVERSION = YES;
				GCC_WARN_ABOUT_RETURN_TYPE = YES_ERROR;
				GCC_WARN_UNDECLARED_SELECTOR = YES;
				GCC_WARN_UNINITIALIZED_AUTOS = YES_AGGRESSIVE;
				GCC_WARN_UNUSED_FUNCTION = YES;
				GCC_WARN_UNUSED_VARIABLE = YES;
				IPHONEOS_DEPLOYMENT_TARGET = 10.0;
				MTL_ENABLE_DEBUG_INFO = YES;
				ONLY_ACTIVE_ARCH = YES;
				SDKROOT = iphoneos;
				SWIFT_ACTIVE_COMPILATION_CONDITIONS = DEBUG;
				SWIFT_OPTIMIZATION_LEVEL = "-Onone";
				TARGETED_DEVICE_FAMILY = "1,2";
			};
			name = Debug;
		};
		6BC041AC1DF94F5200784684 /* Release */ = {
			isa = XCBuildConfiguration;
			buildSettings = {
				ALWAYS_SEARCH_USER_PATHS = NO;
				CLANG_ANALYZER_NONNULL = YES;
				CLANG_CXX_LANGUAGE_STANDARD = "gnu++0x";
				CLANG_CXX_LIBRARY = "libc++";
				CLANG_ENABLE_MODULES = YES;
				CLANG_ENABLE_OBJC_ARC = YES;
				CLANG_WARN_BOOL_CONVERSION = YES;
				CLANG_WARN_CONSTANT_CONVERSION = YES;
				CLANG_WARN_DIRECT_OBJC_ISA_USAGE = YES_ERROR;
				CLANG_WARN_DOCUMENTATION_COMMENTS = YES;
				CLANG_WARN_EMPTY_BODY = YES;
				CLANG_WARN_ENUM_CONVERSION = YES;
				CLANG_WARN_INFINITE_RECURSION = YES;
				CLANG_WARN_INT_CONVERSION = YES;
				CLANG_WARN_OBJC_ROOT_CLASS = YES_ERROR;
				CLANG_WARN_SUSPICIOUS_MOVES = YES;
				CLANG_WARN_UNREACHABLE_CODE = YES;
				CLANG_WARN__DUPLICATE_METHOD_MATCH = YES;
				"CODE_SIGN_IDENTITY[sdk=iphoneos*]" = "iPhone Developer";
				COPY_PHASE_STRIP = NO;
				DEBUG_INFORMATION_FORMAT = "dwarf-with-dsym";
				ENABLE_NS_ASSERTIONS = NO;
				ENABLE_STRICT_OBJC_MSGSEND = YES;
				GCC_C_LANGUAGE_STANDARD = gnu99;
				GCC_NO_COMMON_BLOCKS = YES;
				GCC_WARN_64_TO_32_BIT_CONVERSION = YES;
				GCC_WARN_ABOUT_RETURN_TYPE = YES_ERROR;
				GCC_WARN_UNDECLARED_SELECTOR = YES;
				GCC_WARN_UNINITIALIZED_AUTOS = YES_AGGRESSIVE;
				GCC_WARN_UNUSED_FUNCTION = YES;
				GCC_WARN_UNUSED_VARIABLE = YES;
				IPHONEOS_DEPLOYMENT_TARGET = 10.0;
				MTL_ENABLE_DEBUG_INFO = NO;
				SDKROOT = iphoneos;
				SWIFT_OPTIMIZATION_LEVEL = "-Owholemodule";
				TARGETED_DEVICE_FAMILY = "1,2";
				VALIDATE_PRODUCT = YES;
			};
			name = Release;
		};
		6BC041AE1DF94F5200784684 /* Debug */ = {
			isa = XCBuildConfiguration;
			buildSettings = {
				ASSETCATALOG_COMPILER_APPICON_NAME = AppIcon;
				INFOPLIST_FILE = LGCPD/Info.plist;
				LD_RUNPATH_SEARCH_PATHS = "$(inherited) @executable_path/Frameworks";
				PRODUCT_BUNDLE_IDENTIFIER = np.gov.LGCPD;
				PRODUCT_NAME = "$(TARGET_NAME)";
				SWIFT_VERSION = 3.0;
			};
			name = Debug;
		};
		6BC041AF1DF94F5200784684 /* Release */ = {
			isa = XCBuildConfiguration;
			buildSettings = {
				ASSETCATALOG_COMPILER_APPICON_NAME = AppIcon;
				INFOPLIST_FILE = LGCPD/Info.plist;
				LD_RUNPATH_SEARCH_PATHS = "$(inherited) @executable_path/Frameworks";
				PRODUCT_BUNDLE_IDENTIFIER = np.gov.LGCPD;
				PRODUCT_NAME = "$(TARGET_NAME)";
				SWIFT_VERSION = 3.0;
			};
			name = Release;
		};
/* End XCBuildConfiguration section */

/* Begin XCConfigurationList section */
		6BC041961DF94F5200784684 /* Build configuration list for PBXProject "LGCPD" */ = {
			isa = XCConfigurationList;
			buildConfigurations = (
				6BC041AB1DF94F5200784684 /* Debug */,
				6BC041AC1DF94F5200784684 /* Release */,
			);
			defaultConfigurationIsVisible = 0;
			defaultConfigurationName = Release;
		};
		6BC041AD1DF94F5200784684 /* Build configuration list for PBXNativeTarget "LGCPD" */ = {
			isa = XCConfigurationList;
			buildConfigurations = (
				6BC041AE1DF94F5200784684 /* Debug */,
				6BC041AF1DF94F5200784684 /* Release */,
			);
			defaultConfigurationIsVisible = 0;
			defaultConfigurationName = Release;
		};
/* End XCConfigurationList section */
	};
	rootObject = 6BC041931DF94F5200784684 /* Project object */;
}
